
Microsoft Visual Studio Solution File, Format Version 11.00
# Visual Studio 2010
Project("{2150E333-8FDC-42A3-9474-1A3956D46DE8}") = "Solution Items", "Solution Items", "{9D230923-A80B-4024-A5FA-2C088B5286AE}"
	ProjectSection(SolutionItems) = preProject
		LICENSE = LICENSE
		README.md = README.md
	EndProjectSection
EndProject
Project("{FAE04EC0-301F-11D3-BF4B-00C04F79EFBC}") = "GLLancer", "GLLancer\GLLancer.csproj", "{1CB5C306-1D52-4182-9A43-829D2CFB48E6}"
EndProject
Project("{FAE04EC0-301F-11D3-BF4B-00C04F79EFBC}") = "LServer", "LServer\LServer.csproj", "{43EAED2E-1769-431F-982E-E1C8E11F44CB}"
EndProject
Project("{FAE04EC0-301F-11D3-BF4B-00C04F79EFBC}") = "LancerCommon", "LancerCommon\LancerCommon.csproj", "{6C1DD1DA-686B-499B-9ED1-D43FD3655205}"
EndProject
Global
	GlobalSection(SolutionConfigurationPlatforms) = preSolution
		Debug|x86 = Debug|x86
		Release|x86 = Release|x86
	EndGlobalSection
	GlobalSection(ProjectConfigurationPlatforms) = postSolution
		{1CB5C306-1D52-4182-9A43-829D2CFB48E6}.Debug|x86.ActiveCfg = Debug|x86
		{1CB5C306-1D52-4182-9A43-829D2CFB48E6}.Debug|x86.Build.0 = Debug|x86
		{1CB5C306-1D52-4182-9A43-829D2CFB48E6}.Release|x86.ActiveCfg = Release|x86
		{1CB5C306-1D52-4182-9A43-829D2CFB48E6}.Release|x86.Build.0 = Release|x86
		{43EAED2E-1769-431F-982E-E1C8E11F44CB}.Debug|x86.ActiveCfg = Debug|x86
		{43EAED2E-1769-431F-982E-E1C8E11F44CB}.Debug|x86.Build.0 = Debug|x86
		{43EAED2E-1769-431F-982E-E1C8E11F44CB}.Release|x86.ActiveCfg = Release|x86
		{43EAED2E-1769-431F-982E-E1C8E11F44CB}.Release|x86.Build.0 = Release|x86
		{6C1DD1DA-686B-499B-9ED1-D43FD3655205}.Debug|x86.ActiveCfg = Debug|Any CPU
		{6C1DD1DA-686B-499B-9ED1-D43FD3655205}.Debug|x86.Build.0 = Debug|Any CPU
		{6C1DD1DA-686B-499B-9ED1-D43FD3655205}.Release|x86.ActiveCfg = Release|Any CPU
		{6C1DD1DA-686B-499B-9ED1-D43FD3655205}.Release|x86.Build.0 = Release|Any CPU
	EndGlobalSection
	GlobalSection(NestedProjects) = preSolution
	EndGlobalSection
	GlobalSection(MonoDevelopProperties) = preSolution
		StartupItem = GLLancer\GLLancer.csproj
	EndGlobalSection
EndGlobal
