
Microsoft Visual Studio Solution File, Format Version 11.00
# Visual Studio 2010
Project("{2150E333-8FDC-42A3-9474-1A3956D46DE8}") = "Solution Items", "Solution Items", "{9D230923-A80B-4024-A5FA-2C088B5286AE}"
	ProjectSection(SolutionItems) = preProject
		LICENSE = LICENSE
		README.md = README.md
	EndProjectSection
EndProject
Project("{FAE04EC0-301F-11D3-BF4B-00C04F79EFBC}") = "GLLancer", "GLLancer\GLLancer.csproj", "{1CB5C306-1D52-4182-9A43-829D2CFB48E6}"
EndProject
Project("{FAE04EC0-301F-11D3-BF4B-00C04F79EFBC}") = "FLApi", "FLApi\FLApi.csproj", "{EA2B65BD-27A6-4709-B5CB-93159BED246F}"
EndProject
Project("{FAE04EC0-301F-11D3-BF4B-00C04F79EFBC}") = "FLParser", "FLParser\FLParser.csproj", "{C7A198FE-D725-420F-B04E-0484E12AACF4}"
EndProject
Project("{FAE04EC0-301F-11D3-BF4B-00C04F79EFBC}") = "RenderTools", "RenderTools\RenderTools.csproj", "{84C04335-CC8F-4895-82F2-48AC39097623}"
EndProject
Project("{2150E333-8FDC-42A3-9474-1A3956D46DE8}") = "Tools", "Tools", "{0BC65FFA-DE25-4F97-AAB1-7515415F5FE2}"
EndProject
Project("{FAE04EC0-301F-11D3-BF4B-00C04F79EFBC}") = "FontCompiler", "FontCompiler\FontCompiler.csproj", "{77B99950-0A23-4211-8FA8-E9E04FD9F5AA}"
EndProject
Project("{FAE04EC0-301F-11D3-BF4B-00C04F79EFBC}") = "GLSLProcessor", "GLSLProcessor\GLSLProcessor.csproj", "{FA81A81C-3089-4CB1-A32E-0DA8027F130F}"
EndProject
Project("{FAE04EC0-301F-11D3-BF4B-00C04F79EFBC}") = "FLCommon", "FLCommon\FLCommon.csproj", "{D789B2C5-128E-4B10-B086-374973626911}"
EndProject
Global
	GlobalSection(SolutionConfigurationPlatforms) = preSolution
		Debug|x86 = Debug|x86
		Release|x86 = Release|x86
	EndGlobalSection
	GlobalSection(ProjectConfigurationPlatforms) = postSolution
		{1CB5C306-1D52-4182-9A43-829D2CFB48E6}.Debug|x86.ActiveCfg = Debug|x86
		{1CB5C306-1D52-4182-9A43-829D2CFB48E6}.Debug|x86.Build.0 = Debug|x86
		{1CB5C306-1D52-4182-9A43-829D2CFB48E6}.Release|x86.ActiveCfg = Release|x86
		{1CB5C306-1D52-4182-9A43-829D2CFB48E6}.Release|x86.Build.0 = Release|x86
		{77B99950-0A23-4211-8FA8-E9E04FD9F5AA}.Debug|x86.ActiveCfg = Debug|x86
		{77B99950-0A23-4211-8FA8-E9E04FD9F5AA}.Debug|x86.Build.0 = Debug|x86
		{77B99950-0A23-4211-8FA8-E9E04FD9F5AA}.Release|x86.ActiveCfg = Release|x86
		{77B99950-0A23-4211-8FA8-E9E04FD9F5AA}.Release|x86.Build.0 = Release|x86
		{84C04335-CC8F-4895-82F2-48AC39097623}.Debug|x86.ActiveCfg = Debug|Any CPU
		{84C04335-CC8F-4895-82F2-48AC39097623}.Debug|x86.Build.0 = Debug|Any CPU
		{84C04335-CC8F-4895-82F2-48AC39097623}.Release|x86.ActiveCfg = Release|Any CPU
		{84C04335-CC8F-4895-82F2-48AC39097623}.Release|x86.Build.0 = Release|Any CPU
		{C7A198FE-D725-420F-B04E-0484E12AACF4}.Debug|x86.ActiveCfg = Debug|Any CPU
		{C7A198FE-D725-420F-B04E-0484E12AACF4}.Debug|x86.Build.0 = Debug|Any CPU
		{C7A198FE-D725-420F-B04E-0484E12AACF4}.Release|x86.ActiveCfg = Release|Any CPU
		{C7A198FE-D725-420F-B04E-0484E12AACF4}.Release|x86.Build.0 = Release|Any CPU
		{D789B2C5-128E-4B10-B086-374973626911}.Debug|x86.ActiveCfg = Debug|Any CPU
		{D789B2C5-128E-4B10-B086-374973626911}.Debug|x86.Build.0 = Debug|Any CPU
		{D789B2C5-128E-4B10-B086-374973626911}.Release|x86.ActiveCfg = Release|Any CPU
		{D789B2C5-128E-4B10-B086-374973626911}.Release|x86.Build.0 = Release|Any CPU
		{EA2B65BD-27A6-4709-B5CB-93159BED246F}.Debug|x86.ActiveCfg = Debug|Any CPU
		{EA2B65BD-27A6-4709-B5CB-93159BED246F}.Debug|x86.Build.0 = Debug|Any CPU
		{EA2B65BD-27A6-4709-B5CB-93159BED246F}.Release|x86.ActiveCfg = Release|Any CPU
		{EA2B65BD-27A6-4709-B5CB-93159BED246F}.Release|x86.Build.0 = Release|Any CPU
		{FA81A81C-3089-4CB1-A32E-0DA8027F130F}.Debug|x86.ActiveCfg = Debug|x86
		{FA81A81C-3089-4CB1-A32E-0DA8027F130F}.Debug|x86.Build.0 = Debug|x86
		{FA81A81C-3089-4CB1-A32E-0DA8027F130F}.Release|x86.ActiveCfg = Release|x86
		{FA81A81C-3089-4CB1-A32E-0DA8027F130F}.Release|x86.Build.0 = Release|x86
	EndGlobalSection
	GlobalSection(NestedProjects) = preSolution
		{77B99950-0A23-4211-8FA8-E9E04FD9F5AA} = {0BC65FFA-DE25-4F97-AAB1-7515415F5FE2}
		{FA81A81C-3089-4CB1-A32E-0DA8027F130F} = {0BC65FFA-DE25-4F97-AAB1-7515415F5FE2}
	EndGlobalSection
	GlobalSection(MonoDevelopProperties) = preSolution
		StartupItem = GLLancer\GLLancer.csproj
	EndGlobalSection
EndGlobal
